# THIS IS AN AUTOGENERATED FILE. DO NOT EDIT THIS FILE DIRECTLY.
# yarn lockfile v1


"3d-force-graph-vr@^3.0":
  version "3.0.3"
  resolved "https://registry.yarnpkg.com/3d-force-graph-vr/-/3d-force-graph-vr-3.0.3.tgz#de8a49de8e6be28aa846a805f7f663018e1e8d13"
  integrity sha512-xdqMAuotW8gMM8X1sn2CR4iamdmiRdCiJbtvgazM0W0YsUOjU9TQgJuwomgwZgONDeREvmt9k0UIMbidunGjvg==
  dependencies:
    accessor-fn "1"
    aframe-extras "^7.2"
    aframe-forcegraph-component "3"
    kapsule "^1.16"
    polished "4"

"@babel/runtime@^7.17.8":
  version "7.27.6"
  resolved "https://registry.yarnpkg.com/@babel/runtime/-/runtime-7.27.6.tgz#ec4070a04d76bae8ddbb10770ba55714a417b7c6"
  integrity sha512-vbavdySgbTTrmFE+EsiqUTzlOr5bzlnJtUv9PynGCAKvfQqjIXbvFdumPM/GxMDfyuGMJaJAU6TO4zc1Jf1i8Q==

"@sindresorhus/is@^0.14.0":
  version "0.14.0"
  resolved "https://registry.yarnpkg.com/@sindresorhus/is/-/is-0.14.0.tgz#9fb3a3cf3132328151f353de4632e01e52102bea"
  integrity sha512-9NET910DNaIPngYnLLPeg+Ogzqsi9uM4mSboU5y6p8S5DzMTVEsJZrawi+BoDNUVBa2DhJqQYUFvMDfgU062LQ==

"@szmarczak/http-timer@^1.1.2":
  version "1.1.2"
  resolved "https://registry.yarnpkg.com/@szmarczak/http-timer/-/http-timer-1.1.2.tgz#b1665e2c461a2cd92f4c1bbf50d5454de0d4b421"
  integrity sha512-XIB2XbzHTN6ieIjfIMV9hlVcfPU26s2vafYWQcZHWXHOxiaRZYEDKEwdl129Zyg50+foYV2jCgtrqSA6qNuNSA==
  dependencies:
    defer-to-connect "^1.0.1"

accessor-fn@1:
  version "1.5.3"
  resolved "https://registry.yarnpkg.com/accessor-fn/-/accessor-fn-1.5.3.tgz#5e2549d291d4ac022f532da9a554358dc525b0f7"
  integrity sha512-rkAofCwe/FvYFUlMB0v0gWmhqtfAtV1IUkdPbfhTUyYniu5LrC0A0UJkTH0Jv3S8SvwkmfuAlY+mQIJATdocMA==

aframe-extras@^7.2:
  version "7.5.4"
  resolved "https://registry.yarnpkg.com/aframe-extras/-/aframe-extras-7.5.4.tgz#1da1ad571f7366aa16a481ebbe76d7b1b25f6684"
  integrity sha512-BWgVqzGh67hSqLGjCyBtXW4Auuf45fs+TwzIyK2Lsh2Wy36mNETwJfFxOR1i1OFEGEEYTMpbpGhMN6rbSdqc0w==
  dependencies:
    nipplejs "^0.10.2"
    three "^0.164.0"
    three-pathfinding "^1.3.0"

aframe-forcegraph-component@3:
  version "3.2.3"
  resolved "https://registry.yarnpkg.com/aframe-forcegraph-component/-/aframe-forcegraph-component-3.2.3.tgz#32569b1fce1bf680b352213ffbda79509f62fe34"
  integrity sha512-AGotzsZuWIVtBctiATqDe85MpTgxDUUjYNofgU/6acSnNGmbKDYFRXV4JfrJETCuJv8SMdAOJQ+fnBpQ3F6xZg==
  dependencies:
    three-forcegraph "1"

aframe@^1.7.1:
  version "1.7.1"
  resolved "https://registry.yarnpkg.com/aframe/-/aframe-1.7.1.tgz#54f044806695ac2c69d47d5364905e41e4c66a66"
  integrity sha512-dcc7PWI5z8pyJ0s2W0mUd8d83339frgMXhUvWr1yxkdgg6zSExkuQwsSJjiNn7XWKMUUqKYDvV/WzQQRA+OBXA==
  dependencies:
    buffer "^6.0.3"
    debug "^4.3.4"
    deep-assign "^2.0.0"
    load-bmfont "^1.2.3"
    super-animejs "^3.1.0"
    three "npm:super-three@0.173.5"
    three-bmfont-text dmarcos/three-bmfont-text#eed4878795be9b3e38cf6aec6b903f56acd1f695

an-array@^1.0.0:
  version "1.0.0"
  resolved "https://registry.yarnpkg.com/an-array/-/an-array-1.0.0.tgz#c125a5bb8257778e35f4b4f6aa9c7d0fa9e42665"
  integrity sha512-M175GYI7RmsYu24Ok383yZQa3eveDfNnmhTe3OQ3bm70bEovz2gWenH+ST/n32M8lrwLWk74hcPds5CDRPe2wg==

array-shuffle@^1.0.1:
  version "1.0.1"
  resolved "https://registry.yarnpkg.com/array-shuffle/-/array-shuffle-1.0.1.tgz#7ea4882a356b4bca5f545e0b6e52eaf6d971557a"
  integrity sha512-PBqgo1Y2XWSksBzq3GFPEb798ZrW2snAcmr4drbVeF/6MT/5aBlkGJEvu5A/CzXHf4EjbHOj/ZowatjlIiVidA==

as-number@^1.0.0:
  version "1.0.0"
  resolved "https://registry.yarnpkg.com/as-number/-/as-number-1.0.0.tgz#acb27e34f8f9d8ab0da9e376f3b8959860f80a66"
  integrity sha512-HkI/zLo2AbSRO4fqVkmyf3hms0bJDs3iboHqTrNuwTiCRvdYXM7HFhfhB6Dk51anV2LM/IMB83mtK9mHw4FlAg==

base64-js@^1.3.1:
  version "1.5.1"
  resolved "https://registry.yarnpkg.com/base64-js/-/base64-js-1.5.1.tgz#1b1b440160a5bf7ad40b650f095963481903930a"
  integrity sha512-AKpaYlHn8t4SVbOHCy+b5+KKgvR4vrsD8vbvrbiQJps7fKDTkjkDry6ji0rUJjC0kzbNePLwzxq8iypo41qeWA==

buffer-equal@0.0.1:
  version "0.0.1"
  resolved "https://registry.yarnpkg.com/buffer-equal/-/buffer-equal-0.0.1.tgz#91bc74b11ea405bc916bc6aa908faafa5b4aac4b"
  integrity sha512-RgSV6InVQ9ODPdLWJ5UAqBqJBOg370Nz6ZQtRzpt6nUjc8v0St97uJ4PYC6NztqIScrAXafKM3mZPMygSe1ggA==

buffer@^6.0.3:
  version "6.0.3"
  resolved "https://registry.yarnpkg.com/buffer/-/buffer-6.0.3.tgz#2ace578459cc8fbe2a70aaa8f52ee63b6a74c6c6"
  integrity sha512-FTiCpNxtwiZZHEZbcbTIcZjERVICn9yq/pDFkTl95/AxzD1naBctN7YO68riM/gLSDY7sdrMby8hofADYuuqOA==
  dependencies:
    base64-js "^1.3.1"
    ieee754 "^1.2.1"

cacheable-request@^6.0.0:
  version "6.1.0"
  resolved "https://registry.yarnpkg.com/cacheable-request/-/cacheable-request-6.1.0.tgz#20ffb8bd162ba4be11e9567d823db651052ca912"
  integrity sha512-Oj3cAGPCqOZX7Rz64Uny2GYAZNliQSqfbePrgAQ1wKAihYmCUnraBtJtKcGR4xz7wF+LoJC+ssFZvv5BgF9Igg==
  dependencies:
    clone-response "^1.0.2"
    get-stream "^5.1.0"
    http-cache-semantics "^4.0.0"
    keyv "^3.0.0"
    lowercase-keys "^2.0.0"
    normalize-url "^4.1.0"
    responselike "^1.0.2"

centra@^2.7.0:
  version "2.7.0"
  resolved "https://registry.yarnpkg.com/centra/-/centra-2.7.0.tgz#4c8312a58436e8a718302011561db7e6a2b0ec18"
  integrity sha512-PbFMgMSrmgx6uxCdm57RUos9Tc3fclMvhLSATYN39XsDV29B89zZ3KA89jmY0vwSGazyU+uerqwa6t+KaodPcg==
  dependencies:
    follow-redirects "^1.15.6"

clone-response@^1.0.2:
  version "1.0.3"
  resolved "https://registry.yarnpkg.com/clone-response/-/clone-response-1.0.3.tgz#af2032aa47816399cf5f0a1d0db902f517abb8c3"
  integrity sha512-ROoL94jJH2dUVML2Y/5PEDNaSHgeOdSDicUyS7izcF63G6sTc/FTjLub4b8Il9S8S0beOfYt0TaA5qvFK+w0wA==
  dependencies:
    mimic-response "^1.0.0"

"d3-array@1 - 3", "d3-array@2 - 3", "d3-array@2.10.0 - 3":
  version "3.2.4"
  resolved "https://registry.yarnpkg.com/d3-array/-/d3-array-3.2.4.tgz#15fec33b237f97ac5d7c986dc77da273a8ed0bb5"
  integrity sha512-tdQAmyA18i4J7wprpYq8ClcxZy3SC31QMeByyCFyRt7BVHdREQZ5lpzoe5mFEYZUWe+oq8HBvk9JjpibyEV4Jg==
  dependencies:
    internmap "1 - 2"

d3-binarytree@1:
  version "1.0.2"
  resolved "https://registry.yarnpkg.com/d3-binarytree/-/d3-binarytree-1.0.2.tgz#ed43ebc13c70fbabfdd62df17480bc5a425753cc"
  integrity sha512-cElUNH+sHu95L04m92pG73t2MEJXKu+GeKUN1TJkFsu93E5W8E9Sc3kHEGJKgenGvj19m6upSn2EunvMgMD2Yw==

"d3-color@1 - 3":
  version "3.1.0"
  resolved "https://registry.yarnpkg.com/d3-color/-/d3-color-3.1.0.tgz#395b2833dfac71507f12ac2f7af23bf819de24e2"
  integrity sha512-zg/chbXyeBtMQ1LbD/WSoW2DpC3I0mpmPdW+ynRTj/x2DAWYrIY7qeZIHidozwV24m4iavr15lNwIwLxRmOxhA==

"d3-dispatch@1 - 3":
  version "3.0.1"
  resolved "https://registry.yarnpkg.com/d3-dispatch/-/d3-dispatch-3.0.1.tgz#5fc75284e9c2375c36c839411a0cf550cbfc4d5e"
  integrity sha512-rzUyPU/S7rwUflMyLc1ETDeBj0NRuHKKAcvukozwhshr6g6c5d8zh4c2gQjY2bZ0dXeGLWc1PF174P2tVvKhfg==

"d3-force-3d@2 - 3":
  version "3.0.6"
  resolved "https://registry.yarnpkg.com/d3-force-3d/-/d3-force-3d-3.0.6.tgz#7ea4c26d7937b82993bd9444f570ed52f661d4aa"
  integrity sha512-4tsKHUPLOVkyfEffZo1v6sFHvGFwAIIjt/W8IThbp08DYAsXZck+2pSHEG5W1+gQgEvFLdZkYvmJAbRM2EzMnA==
  dependencies:
    d3-binarytree "1"
    d3-dispatch "1 - 3"
    d3-octree "1"
    d3-quadtree "1 - 3"
    d3-timer "1 - 3"

"d3-format@1 - 3":
  version "3.1.0"
  resolved "https://registry.yarnpkg.com/d3-format/-/d3-format-3.1.0.tgz#9260e23a28ea5cb109e93b21a06e24e2ebd55641"
  integrity sha512-YyUI6AEuY/Wpt8KWLgZHsIU86atmikuoOmCfommt0LYHiQSPjvX2AcFc38PX0CBpr2RCyZhjex+NS/LPOv6YqA==

"d3-interpolate@1 - 3", "d3-interpolate@1.2.0 - 3":
  version "3.0.1"
  resolved "https://registry.yarnpkg.com/d3-interpolate/-/d3-interpolate-3.0.1.tgz#3c47aa5b32c5b3dfb56ef3fd4342078a632b400d"
  integrity sha512-3bYs1rOD33uo8aqJfKP3JWPAibgw8Zm2+L9vBKEHJ2Rg+viTR7o5Mmv5mZcieN+FRYaAOWX5SJATX6k1PWz72g==
  dependencies:
    d3-color "1 - 3"

d3-octree@1:
  version "1.1.0"
  resolved "https://registry.yarnpkg.com/d3-octree/-/d3-octree-1.1.0.tgz#f07e353b76df872644e7130ab1a74c5ef2f4287e"
  integrity sha512-F8gPlqpP+HwRPMO/8uOu5wjH110+6q4cgJvgJT6vlpy3BEaDIKlTZrgHKZSp/i1InRpVfh4puY/kvL6MxK930A==

"d3-quadtree@1 - 3":
  version "3.0.1"
  resolved "https://registry.yarnpkg.com/d3-quadtree/-/d3-quadtree-3.0.1.tgz#6dca3e8be2b393c9a9d514dabbd80a92deef1a4f"
  integrity sha512-04xDrxQTDTCFwP5H6hRhsRcb9xxv2RzkcsygFzmkSIOJy3PeRJP7sNk3VRIbKXcog561P9oU0/rVH6vDROAgUw==

"d3-scale-chromatic@1 - 3":
  version "3.1.0"
  resolved "https://registry.yarnpkg.com/d3-scale-chromatic/-/d3-scale-chromatic-3.1.0.tgz#34c39da298b23c20e02f1a4b239bd0f22e7f1314"
  integrity sha512-A3s5PWiZ9YCXFye1o246KoscMWqf8BsD9eRiJ3He7C9OBaxKhAd5TFCdEx/7VbKtxxTsu//1mMJFrEt572cEyQ==
  dependencies:
    d3-color "1 - 3"
    d3-interpolate "1 - 3"

"d3-scale@1 - 4":
  version "4.0.2"
  resolved "https://registry.yarnpkg.com/d3-scale/-/d3-scale-4.0.2.tgz#82b38e8e8ff7080764f8dcec77bd4be393689396"
  integrity sha512-GZW464g1SH7ag3Y7hXjf8RoUuAFIqklOAq3MRl4OaWabTFJY9PN/E1YklhXLh+OQ3fM9yS2nOkCoS+WLZ6kvxQ==
  dependencies:
    d3-array "2.10.0 - 3"
    d3-format "1 - 3"
    d3-interpolate "1.2.0 - 3"
    d3-time "2.1.1 - 3"
    d3-time-format "2 - 4"

"d3-time-format@2 - 4":
  version "4.1.0"
  resolved "https://registry.yarnpkg.com/d3-time-format/-/d3-time-format-4.1.0.tgz#7ab5257a5041d11ecb4fe70a5c7d16a195bb408a"
  integrity sha512-dJxPBlzC7NugB2PDLwo9Q8JiTR3M3e4/XANkreKSUxF8vvXKqm1Yfq4Q5dl8budlunRVlUUaDUgFt7eA8D6NLg==
  dependencies:
    d3-time "1 - 3"

"d3-time@1 - 3", "d3-time@2.1.1 - 3":
  version "3.1.0"
  resolved "https://registry.yarnpkg.com/d3-time/-/d3-time-3.1.0.tgz#9310db56e992e3c0175e1ef385e545e48a9bb5c7"
  integrity sha512-VqKjzBLejbSMT4IgbmVgDjpkYrNWUYJnbCGo874u7MMKIWsILRX+OpX/gTk8MqjpT1A/c6HY2dCA77ZN0lkQ2Q==
  dependencies:
    d3-array "2 - 3"

"d3-timer@1 - 3":
  version "3.0.1"
  resolved "https://registry.yarnpkg.com/d3-timer/-/d3-timer-3.0.1.tgz#6284d2a2708285b1abb7e201eda4380af35e63b0"
  integrity sha512-ndfJ/JxxMd3nw31uyKoY2naivF+r29V+Lc0svZxe1JvvIRmi8hUsrMvdOwgS1o6uBHmiz91geQ0ylPP0aj1VUA==

data-bind-mapper@1:
  version "1.0.3"
  resolved "https://registry.yarnpkg.com/data-bind-mapper/-/data-bind-mapper-1.0.3.tgz#275e55fd170331b1146479f3c7eb4256b8239481"
  integrity sha512-QmU3lyEnbENQPo0M1F9BMu4s6cqNNp8iJA+b/HP2sSb7pf3dxwF3+EP1eO69rwBfH9kFJ1apmzrtogAmVt2/Xw==
  dependencies:
    accessor-fn "1"

debug@^4.3.4:
  version "4.4.1"
  resolved "https://registry.yarnpkg.com/debug/-/debug-4.4.1.tgz#e5a8bc6cbc4c6cd3e64308b0693a3d4fa550189b"
  integrity sha512-KcKCqiftBJcZr++7ykoDIEwSa3XWowTfNPo92BYxjXiyYEVrUQh2aLyhxBCwww+heortUFxEJYcRzosstTEBYQ==
  dependencies:
    ms "^2.1.3"

decompress-response@^3.3.0:
  version "3.3.0"
  resolved "https://registry.yarnpkg.com/decompress-response/-/decompress-response-3.3.0.tgz#80a4dd323748384bfa248083622aedec982adff3"
  integrity sha512-BzRPQuY1ip+qDonAOz42gRm/pg9F768C+npV/4JOsxRC2sq+Rlk+Q4ZCAsOhnIaMrgarILY+RMUIvMmmX1qAEA==
  dependencies:
    mimic-response "^1.0.0"

deep-assign@^2.0.0:
  version "2.0.0"
  resolved "https://registry.yarnpkg.com/deep-assign/-/deep-assign-2.0.0.tgz#ebe06b1f07f08dae597620e3dd1622f371a1c572"
  integrity sha512-2QhG3Kxulu4XIF3WL5C5x0sc/S17JLgm1SfvDfIRsR/5m7ZGmcejII7fZ2RyWhN0UWIJm0TNM/eKow6LAn3evQ==
  dependencies:
    is-obj "^1.0.0"

defer-to-connect@^1.0.1:
  version "1.1.3"
  resolved "https://registry.yarnpkg.com/defer-to-connect/-/defer-to-connect-1.1.3.tgz#331ae050c08dcf789f8c83a7b81f0ed94f4ac591"
  integrity sha512-0ISdNousHvZT2EiFlZeZAHBUvSxmKswVCEf8hW7KWgG4a8MVEu/3Vb6uWYozkjylyCxe0JBIiRB1jV45S70WVQ==

dom-walk@^0.1.0:
  version "0.1.2"
  resolved "https://registry.yarnpkg.com/dom-walk/-/dom-walk-0.1.2.tgz#0c548bef048f4d1f2a97249002236060daa3fd84"
  integrity sha512-6QvTW9mrGeIegrFXdtQi9pk7O/nSK6lSdXW2eqUspN5LWD7UTji2Fqw5V2YLjBpHEoU9Xl/eUWNpDeZvoyOv2w==

dtype@^2.0.0:
  version "2.0.0"
  resolved "https://registry.yarnpkg.com/dtype/-/dtype-2.0.0.tgz#cd052323ce061444ecd2e8f5748f69a29be28434"
  integrity sha512-s2YVcLKdFGS0hpFqJaTwscsyt0E8nNFdmo73Ocd81xNPj4URI4rj6D60A+vFMIw7BXWlb4yRkEwfBqcZzPGiZg==

duplexer3@^0.1.4:
  version "0.1.5"
  resolved "https://registry.yarnpkg.com/duplexer3/-/duplexer3-0.1.5.tgz#0b5e4d7bad5de8901ea4440624c8e1d20099217e"
  integrity sha512-1A8za6ws41LQgv9HrE/66jyC5yuSjQ3L/KOpFtoBilsAK2iA2wuS5rTt1OCzIvtS2V7nVmedsUU+DGRcjBmOYA==

end-of-stream@^1.1.0:
  version "1.4.5"
  resolved "https://registry.yarnpkg.com/end-of-stream/-/end-of-stream-1.4.5.tgz#7344d711dea40e0b74abc2ed49778743ccedb08c"
  integrity sha512-ooEGc6HP26xXq/N+GCGOT0JKCLDGrq2bQUZrQ7gyrJiZANJ/8YDTxTpQBXGMn+WbIQXNVpyWymm7KYVICQnyOg==
  dependencies:
    once "^1.4.0"

follow-redirects@^1.15.6:
  version "1.15.9"
  resolved "https://registry.yarnpkg.com/follow-redirects/-/follow-redirects-1.15.9.tgz#a604fa10e443bf98ca94228d9eebcc2e8a2c8ee1"
  integrity sha512-gew4GsXizNgdoRyqmyfMHyAmXsZDk6mHkSxZFCzW9gwlbtOW44CDtYavM+y+72qD/Vq2l550kMF52DT8fOLJqQ==

get-stream@^4.1.0:
  version "4.1.0"
  resolved "https://registry.yarnpkg.com/get-stream/-/get-stream-4.1.0.tgz#c1b255575f3dc21d59bfc79cd3d2b46b1c3a54b5"
  integrity sha512-GMat4EJ5161kIy2HevLlr4luNjBgvmj413KaQA7jt4V8B4RDsfpHk7WQ9GVqfYyyx8OS/L66Kox+rJRNklLK7w==
  dependencies:
    pump "^3.0.0"

get-stream@^5.1.0:
  version "5.2.0"
  resolved "https://registry.yarnpkg.com/get-stream/-/get-stream-5.2.0.tgz#4966a1795ee5ace65e706c4b7beb71257d6e22d3"
  integrity sha512-nBF+F1rAZVCu/p7rjzgA+Yb4lfYXrpl7a6VmJrU8wF9I1CKvP/QwPNZHnOlwbTkY6dvtFIzFMSyQXbLoTQPRpA==
  dependencies:
    pump "^3.0.0"

global@~4.4.0:
  version "4.4.0"
  resolved "https://registry.yarnpkg.com/global/-/global-4.4.0.tgz#3e7b105179006a323ed71aafca3e9c57a5cc6406"
  integrity sha512-wv/LAoHdRE3BeTGz53FAamhGlPLhlssK45usmGFThIi4XqnBmjKQ16u+RNbP7WvigRZDxUsM0J3gcQ5yicaL0w==
  dependencies:
    min-document "^2.19.0"
    process "^0.11.10"

got@^9.2.2:
  version "9.6.0"
  resolved "https://registry.yarnpkg.com/got/-/got-9.6.0.tgz#edf45e7d67f99545705de1f7bbeeeb121765ed85"
  integrity sha512-R7eWptXuGYxwijs0eV+v3o6+XH1IqVK8dJOEecQfTmkncw9AV4dcw/Dhxi8MdlqPthxxpZyizMzyg8RTmEsG+Q==
  dependencies:
    "@sindresorhus/is" "^0.14.0"
    "@szmarczak/http-timer" "^1.1.2"
    cacheable-request "^6.0.0"
    decompress-response "^3.3.0"
    duplexer3 "^0.1.4"
    get-stream "^4.1.0"
    lowercase-keys "^1.0.1"
    mimic-response "^1.0.1"
    p-cancelable "^1.0.0"
    to-readable-stream "^1.0.0"
    url-parse-lax "^3.0.0"

http-cache-semantics@^4.0.0:
  version "4.2.0"
  resolved "https://registry.yarnpkg.com/http-cache-semantics/-/http-cache-semantics-4.2.0.tgz#205f4db64f8562b76a4ff9235aa5279839a09dd5"
  integrity sha512-dTxcvPXqPvXBQpq5dUr6mEMJX4oIEFv6bwom3FDwKRDsuIjjJGANqhBuoAn9c1RQJIdAKav33ED65E2ys+87QQ==

ieee754@^1.2.1:
  version "1.2.1"
  resolved "https://registry.yarnpkg.com/ieee754/-/ieee754-1.2.1.tgz#8eb7a10a63fff25d15a57b001586d177d1b0d352"
  integrity sha512-dcyqhDvX1C46lXZcVqCpK+FtMRQVdIMN6/Df5js2zouUsqG7I6sFxitIC+7KYK29KdXOLHdu9zL4sFnoVQnqaA==

"internmap@1 - 2":
  version "2.0.3"
  resolved "https://registry.yarnpkg.com/internmap/-/internmap-2.0.3.tgz#6685f23755e43c524e251d29cbc97248e3061009"
  integrity sha512-5Hh7Y1wQbvY5ooGgPbDaL5iYLAPzMTUrjMulskHLH6wnv/A+1q5rgEaiuqEjB+oxGXIVZs1FF+R/KPN3ZSQYYg==

is-buffer@^1.0.2:
  version "1.1.6"
  resolved "https://registry.yarnpkg.com/is-buffer/-/is-buffer-1.1.6.tgz#efaa2ea9daa0d7ab2ea13a97b2b8ad51fefbe8be"
  integrity sha512-NcdALwpXkTm5Zvvbk7owOUSvVvBKDgKP5/ewfXEznmQFfs4ZRmanOeKBTjRVjka3QFoN6XJ+9F3USqfHqTaU5w==

is-function@^1.0.1:
  version "1.0.2"
  resolved "https://registry.yarnpkg.com/is-function/-/is-function-1.0.2.tgz#4f097f30abf6efadac9833b17ca5dc03f8144e08"
  integrity sha512-lw7DUp0aWXYg+CBCN+JKkcE0Q2RayZnSvnZBlwgxHBQhqt5pZNVy4Ri7H9GmmXkdu7LUthszM+Tor1u/2iBcpQ==

is-obj@^1.0.0:
  version "1.0.1"
  resolved "https://registry.yarnpkg.com/is-obj/-/is-obj-1.0.1.tgz#3e4729ac1f5fde025cd7d83a896dab9f4f67db0f"
  integrity sha512-l4RyHgRqGN4Y3+9JHVrNqO+tN0rV5My76uW5/nuO4K1b6vw5G8d/cmFjP9tRfEsdhZNt0IFdZuK/c2Vr4Nb+Qg==

jerrypick@^1.1.1:
  version "1.1.2"
  resolved "https://registry.yarnpkg.com/jerrypick/-/jerrypick-1.1.2.tgz#eb5016304aeb9ac9b7dea6714aa5fe85b24cb8ad"
  integrity sha512-YKnxXEekXKzhpf7CLYA0A+oDP8V0OhICNCr5lv96FvSsDEmrb0GKM776JgQvHTMjr7DTTPEVv/1Ciaw0uEWzBA==

"js-tokens@^3.0.0 || ^4.0.0":
  version "4.0.0"
  resolved "https://registry.yarnpkg.com/js-tokens/-/js-tokens-4.0.0.tgz#19203fb59991df98e3a287050d4647cdeaf32499"
  integrity sha512-RdJUflcE3cUzKiMqQgsCu06FPu9UdIJO0beYbPhHN4k6apgJtifcoCtT9bcxOpYBtpD2kCM6Sbzg4CausW/PKQ==

json-buffer@3.0.0:
  version "3.0.0"
  resolved "https://registry.yarnpkg.com/json-buffer/-/json-buffer-3.0.0.tgz#5b1f397afc75d677bde8bcfc0e47e1f9a3d9a898"
  integrity sha512-CuUqjv0FUZIdXkHPI8MezCnFCdaTAacej1TZYulLoAg1h/PhwkdXFN4V/gzY4g+fMBCOV2xF+rp7t2XD2ns/NQ==

kapsule@^1.16:
  version "1.16.3"
  resolved "https://registry.yarnpkg.com/kapsule/-/kapsule-1.16.3.tgz#5684ed89838b6658b30d0f2cc056dffc3ba68c30"
  integrity sha512-4+5mNNf4vZDSwPhKprKwz3330iisPrb08JyMgbsdFrimBCKNHecua/WBwvVg3n7vwx0C1ARjfhwIpbrbd9n5wg==
  dependencies:
    lodash-es "4"

keyv@^3.0.0:
  version "3.1.0"
  resolved "https://registry.yarnpkg.com/keyv/-/keyv-3.1.0.tgz#ecc228486f69991e49e9476485a5be1e8fc5c4d9"
  integrity sha512-9ykJ/46SN/9KPM/sichzQ7OvXyGDYKGTaDlKMGCAlg2UK8KRy4jb0d8sFc+0Tt0YYnThq8X2RZgCg74RPxgcVA==
  dependencies:
    json-buffer "3.0.0"

layout-bmfont-text@^1.2.0:
  version "1.3.4"
  resolved "https://registry.yarnpkg.com/layout-bmfont-text/-/layout-bmfont-text-1.3.4.tgz#f20f2c5464774f48da6ce8a997fbce6d46945b81"
  integrity sha512-mceomHZ8W7pSKQhTdLvOe1Im4n37u8xa5Gr0J3KPCHRMO/9o7+goWIOzZcUUd+Xgzy3+22bvoIQ0OaN3LRtgaw==
  dependencies:
    as-number "^1.0.0"
    word-wrapper "^1.0.7"
    xtend "^4.0.0"

load-bmfont@^1.2.3:
  version "1.4.2"
  resolved "https://registry.yarnpkg.com/load-bmfont/-/load-bmfont-1.4.2.tgz#e0f4516064fa5be8439f9c3696c01423a64e8717"
  integrity sha512-qElWkmjW9Oq1F9EI5Gt7aD9zcdHb9spJCW1L/dmPf7KzCCEJxq8nhHz5eCgI9aMf7vrG/wyaCqdsI+Iy9ZTlog==
  dependencies:
    buffer-equal "0.0.1"
    mime "^1.3.4"
    parse-bmfont-ascii "^1.0.3"
    parse-bmfont-binary "^1.0.5"
    parse-bmfont-xml "^1.1.4"
    phin "^3.7.1"
    xhr "^2.0.1"
    xtend "^4.0.0"

lodash-es@4:
  version "4.17.21"
  resolved "https://registry.yarnpkg.com/lodash-es/-/lodash-es-4.17.21.tgz#43e626c46e6591b7750beb2b50117390c609e3ee"
  integrity sha512-mKnC+QJ9pWVzv+C4/U3rRsHapFfHvQFoFB92e52xeyGMcX6/OlIl78je1u8vePzYZSkkogMPJ2yjxxsb89cxyw==

loose-envify@^1.4.0:
  version "1.4.0"
  resolved "https://registry.yarnpkg.com/loose-envify/-/loose-envify-1.4.0.tgz#71ee51fa7be4caec1a63839f7e682d8132d30caf"
  integrity sha512-lyuxPGr/Wfhrlem2CL/UcnUc1zcqKAImBDzukY7Y5F/yQiNdko6+fRLevlw1HgMySw7f611UIY408EtxRSoK3Q==
  dependencies:
    js-tokens "^3.0.0 || ^4.0.0"

lowercase-keys@^1.0.0, lowercase-keys@^1.0.1:
  version "1.0.1"
  resolved "https://registry.yarnpkg.com/lowercase-keys/-/lowercase-keys-1.0.1.tgz#6f9e30b47084d971a7c820ff15a6c5167b74c26f"
  integrity sha512-G2Lj61tXDnVFFOi8VZds+SoQjtQC3dgokKdDG2mTm1tx4m50NUHBOZSBwQQHyy0V12A0JTG4icfZQH+xPyh8VA==

lowercase-keys@^2.0.0:
  version "2.0.0"
  resolved "https://registry.yarnpkg.com/lowercase-keys/-/lowercase-keys-2.0.0.tgz#2603e78b7b4b0006cbca2fbcc8a3202558ac9479"
  integrity sha512-tqNXrS78oMOE73NMxK4EMLQsQowWf8jKooH9g7xPavRT706R6bkQJ6DY2Te7QukaZsulxa30wQ7bk0pm4XiHmA==

map-limit@0.0.1:
  version "0.0.1"
  resolved "https://registry.yarnpkg.com/map-limit/-/map-limit-0.0.1.tgz#eb7961031c0f0e8d001bf2d56fab685d58822f38"
  integrity sha512-pJpcfLPnIF/Sk3taPW21G/RQsEEirGaFpCW3oXRwH9dnFHPHNGjNyvh++rdmC2fNqEaTw2MhYJraoJWAHx8kEg==
  dependencies:
    once "~1.3.0"

mime@^1.3.4:
  version "1.6.0"
  resolved "https://registry.yarnpkg.com/mime/-/mime-1.6.0.tgz#32cd9e5c64553bd58d19a568af452acff04981b1"
  integrity sha512-x0Vn8spI+wuJ1O6S7gnbaQg8Pxh4NNHb7KSINmEWKiPE4RKOplvijn+NkmYmmRgP68mc70j2EbeTFRsrswaQeg==

mimic-response@^1.0.0, mimic-response@^1.0.1:
  version "1.0.1"
  resolved "https://registry.yarnpkg.com/mimic-response/-/mimic-response-1.0.1.tgz#4923538878eef42063cb8a3e3b0798781487ab1b"
  integrity sha512-j5EctnkH7amfV/q5Hgmoal1g2QHFJRraOtmx0JpIqkxhBhI/lJSl1nMpQ45hVarwNETOoWEimndZ4QK0RHxuxQ==

min-document@^2.19.0:
  version "2.19.0"
  resolved "https://registry.yarnpkg.com/min-document/-/min-document-2.19.0.tgz#7bd282e3f5842ed295bb748cdd9f1ffa2c824685"
  integrity sha512-9Wy1B3m3f66bPPmU5hdA4DR4PB2OfDU/+GS3yAB7IQozE3tqXaVv2zOjgla7MEGSRv95+ILmOuvhLkOK6wJtCQ==
  dependencies:
    dom-walk "^0.1.0"

minimist@^1.2.0:
  version "1.2.8"
  resolved "https://registry.yarnpkg.com/minimist/-/minimist-1.2.8.tgz#c1a464e7693302e082a075cee0c057741ac4772c"
  integrity sha512-2yyAR8qBkN3YuheJanUpWC5U3bb5osDywNB8RzDVlDwDHbocAJveqqj1u8+SVD7jkWT4yvsHCpWqqWqAxb0zCA==

ms@^2.1.3:
  version "2.1.3"
  resolved "https://registry.yarnpkg.com/ms/-/ms-2.1.3.tgz#574c8138ce1d2b5861f0b44579dbadd60c6615b2"
  integrity sha512-6FlzubTLZG3J2a/NVCAleEhjzq5oxgHyaCU9yYXvcLsvoVaHJq/s5xXI6/XXP6tz7R9xAOtHnSO/tXtF3WRTlA==

new-array@^1.0.0:
  version "1.0.0"
  resolved "https://registry.yarnpkg.com/new-array/-/new-array-1.0.0.tgz#5dbc639d961eac7f1a9fbc1a7146ec12f2924fbf"
  integrity sha512-K5AyFYbuHZ4e/ti52y7k18q8UHsS78FlRd85w2Fmsd6AkuLipDihPflKC0p3PN5i8II7+uHxo+CtkLiJDfmS5A==

ngraph.events@^1.0.0, ngraph.events@^1.2.1:
  version "1.2.2"
  resolved "https://registry.yarnpkg.com/ngraph.events/-/ngraph.events-1.2.2.tgz#3ceb92d676a04a4e7ce60a09fa8e17a4f0346d7f"
  integrity sha512-JsUbEOzANskax+WSYiAPETemLWYXmixuPAlmZmhIbIj6FH/WDgEGCGnRwUQBK0GjOnVm8Ui+e5IJ+5VZ4e32eQ==

ngraph.forcelayout@3:
  version "3.3.1"
  resolved "https://registry.yarnpkg.com/ngraph.forcelayout/-/ngraph.forcelayout-3.3.1.tgz#981e1baee5e0593c490bc27219169f9cedfa4f8b"
  integrity sha512-MKBuEh1wujyQHFTW57y5vd/uuEOK0XfXYxm3lC7kktjJLRdt/KEKEknyOlc6tjXflqBKEuYBBcu7Ax5VY+S6aw==
  dependencies:
    ngraph.events "^1.0.0"
    ngraph.merge "^1.0.0"
    ngraph.random "^1.0.0"

ngraph.graph@20:
  version "20.0.1"
  resolved "https://registry.yarnpkg.com/ngraph.graph/-/ngraph.graph-20.0.1.tgz#579470d1d805583239704dc913e2095540aaf371"
  integrity sha512-VFsQ+EMkT+7lcJO1QP8Ik3w64WbHJl27Q53EO9hiFU9CRyxJ8HfcXtfWz/U8okuoYKDctbciL6pX3vG5dt1rYA==
  dependencies:
    ngraph.events "^1.2.1"

ngraph.merge@^1.0.0:
  version "1.0.0"
  resolved "https://registry.yarnpkg.com/ngraph.merge/-/ngraph.merge-1.0.0.tgz#d763cdfa48b1bbd4270ea246f06c9c8ff5d3477c"
  integrity sha512-5J8YjGITUJeapsomtTALYsw7rFveYkM+lBj3QiYZ79EymQcuri65Nw3knQtFxQBU1r5iOaVRXrSwMENUPK62Vg==

ngraph.random@^1.0.0:
  version "1.2.0"
  resolved "https://registry.yarnpkg.com/ngraph.random/-/ngraph.random-1.2.0.tgz#3864ffbb9971e920db6c5f33ce5abc3d2439e3d2"
  integrity sha512-4EUeAGbB2HWX9njd6bP6tciN6ByJfoaAvmVL9QTaZSeXrW46eNGA9GajiXiPBbvFqxUWFkEbyo6x5qsACUuVfA==

nice-color-palettes@^3.0.0:
  version "3.0.0"
  resolved "https://registry.yarnpkg.com/nice-color-palettes/-/nice-color-palettes-3.0.0.tgz#1ec31927cfc4ce8a51822b6bab2c64845d181abb"
  integrity sha512-lL4AjabAAFi313tjrtmgm/bxCRzp4l3vCshojfV/ij3IPdtnRqv6Chcw+SqJUhbe7g3o3BecaqCJYUNLswGBhQ==
  dependencies:
    got "^9.2.2"
    map-limit "0.0.1"
    minimist "^1.2.0"
    new-array "^1.0.0"

nipplejs@^0.10.2:
  version "0.10.2"
  resolved "https://registry.yarnpkg.com/nipplejs/-/nipplejs-0.10.2.tgz#0e8f5346bd60f7a0fe0d44c856bc1654cde2b70c"
  integrity sha512-XGxFY8C2DOtobf1fK+MXINTzkkXJLjZDDpfQhOUZf4TSytbc9s4bmA0lB9eKKM8iDivdr9NQkO7DpIQfsST+9g==

normalize-url@^4.1.0:
  version "4.5.1"
  resolved "https://registry.yarnpkg.com/normalize-url/-/normalize-url-4.5.1.tgz#0dd90cf1288ee1d1313b87081c9a5932ee48518a"
  integrity sha512-9UZCFRHQdNrfTpGg8+1INIg93B6zE0aXMVFkw1WFwvO4SlZywU6aLg5Of0Ap/PgcbSw4LNxvMWXMeugwMCX0AA==

object-assign@^4.1.1:
  version "4.1.1"
  resolved "https://registry.yarnpkg.com/object-assign/-/object-assign-4.1.1.tgz#2109adc7965887cfc05cbbd442cac8bfbb360863"
  integrity sha512-rJgTQnkUnH1sFw8yT6VSU3zD3sWmu6sZhIseY8VX+GRu3P6F7Fu+JNDoXfklElbLJSnc3FUQHVe4cU5hj+BcUg==

once@^1.3.1, once@^1.4.0:
  version "1.4.0"
  resolved "https://registry.yarnpkg.com/once/-/once-1.4.0.tgz#583b1aa775961d4b113ac17d9c50baef9dd76bd1"
  integrity sha512-lNaJgI+2Q5URQBkccEKHTQOPaXdUxnZZElQTZY0MFUAuaEqe1E+Nyvgdz/aIyNi6Z9MzO5dv1H8n58/GELp3+w==
  dependencies:
    wrappy "1"

once@~1.3.0:
  version "1.3.3"
  resolved "https://registry.yarnpkg.com/once/-/once-1.3.3.tgz#b2e261557ce4c314ec8304f3fa82663e4297ca20"
  integrity sha512-6vaNInhu+CHxtONf3zw3vq4SP2DOQhjBvIa3rNcG0+P7eKWlYH6Peu7rHizSloRU2EwMz6GraLieis9Ac9+p1w==
  dependencies:
    wrappy "1"

p-cancelable@^1.0.0:
  version "1.1.0"
  resolved "https://registry.yarnpkg.com/p-cancelable/-/p-cancelable-1.1.0.tgz#d078d15a3af409220c886f1d9a0ca2e441ab26cc"
  integrity sha512-s73XxOZ4zpt1edZYZzvhqFa6uvQc1vwUa0K0BdtIZgQMAJj9IbebH+JkgKZc9h+B05PKHLOTl4ajG1BmNrVZlw==

parse-bmfont-ascii@^1.0.3:
  version "1.0.6"
  resolved "https://registry.yarnpkg.com/parse-bmfont-ascii/-/parse-bmfont-ascii-1.0.6.tgz#11ac3c3ff58f7c2020ab22769079108d4dfa0285"
  integrity sha512-U4RrVsUFCleIOBsIGYOMKjn9PavsGOXxbvYGtMOEfnId0SVNsgehXh1DxUdVPLoxd5mvcEtvmKs2Mmf0Mpa1ZA==

parse-bmfont-binary@^1.0.5:
  version "1.0.6"
  resolved "https://registry.yarnpkg.com/parse-bmfont-binary/-/parse-bmfont-binary-1.0.6.tgz#d038b476d3e9dd9db1e11a0b0e53a22792b69006"
  integrity sha512-GxmsRea0wdGdYthjuUeWTMWPqm2+FAd4GI8vCvhgJsFnoGhTrLhXDDupwTo7rXVAgaLIGoVHDZS9p/5XbSqeWA==

parse-bmfont-xml@^1.1.4:
  version "1.1.6"
  resolved "https://registry.yarnpkg.com/parse-bmfont-xml/-/parse-bmfont-xml-1.1.6.tgz#016b655da7aebe6da38c906aca16bf0415773767"
  integrity sha512-0cEliVMZEhrFDwMh4SxIyVJpqYoOWDJ9P895tFuS+XuNzI5UBmBk5U5O4KuJdTnZpSBI4LFA2+ZiJaiwfSwlMA==
  dependencies:
    xml-parse-from-string "^1.0.0"
    xml2js "^0.5.0"

parse-headers@^2.0.0:
  version "2.0.6"
  resolved "https://registry.yarnpkg.com/parse-headers/-/parse-headers-2.0.6.tgz#7940f0abe5fe65df2dd25d4ce8800cb35b49d01c"
  integrity sha512-Tz11t3uKztEW5FEVZnj1ox8GKblWn+PvHY9TmJV5Mll2uHEwRdR/5Li1OlXoECjLYkApdhWy44ocONwXLiKO5A==

phin@^3.7.1:
  version "3.7.1"
  resolved "https://registry.yarnpkg.com/phin/-/phin-3.7.1.tgz#bf841da75ee91286691b10e41522a662aa628fd6"
  integrity sha512-GEazpTWwTZaEQ9RhL7Nyz0WwqilbqgLahDM3D0hxWwmVDI52nXEybHqiN6/elwpkJBhcuj+WbBu+QfT0uhPGfQ==
  dependencies:
    centra "^2.7.0"

polished@4:
  version "4.3.1"
  resolved "https://registry.yarnpkg.com/polished/-/polished-4.3.1.tgz#5a00ae32715609f83d89f6f31d0f0261c6170548"
  integrity sha512-OBatVyC/N7SCW/FaDHrSd+vn0o5cS855TOmYi4OkdWUMSJCET/xip//ch8xGUvtr3i44X9LVyWwQlRMTN3pwSA==
  dependencies:
    "@babel/runtime" "^7.17.8"

prepend-http@^2.0.0:
  version "2.0.0"
  resolved "https://registry.yarnpkg.com/prepend-http/-/prepend-http-2.0.0.tgz#e92434bfa5ea8c19f41cdfd401d741a3c819d897"
  integrity sha512-ravE6m9Atw9Z/jjttRUZ+clIXogdghyZAuWJ3qEzjT+jI/dL1ifAqhZeC5VHzQp1MSt1+jxKkFNemj/iO7tVUA==

process@^0.11.10:
  version "0.11.10"
  resolved "https://registry.yarnpkg.com/process/-/process-0.11.10.tgz#7332300e840161bda3e69a1d1d91a7d4bc16f182"
  integrity sha512-cdGef/drWFoydD1JsMzuFf8100nZl+GT+yacc2bEced5f9Rjk4z+WtFUTBu9PhOi9j/jfmBPu0mMEY4wIdAF8A==

prop-types@15:
  version "15.8.1"
  resolved "https://registry.yarnpkg.com/prop-types/-/prop-types-15.8.1.tgz#67d87bf1a694f48435cf332c24af10214a3140b5"
  integrity sha512-oj87CgZICdulUohogVAR7AjlC0327U4el4L6eAvOqCeudMDVU0NThNaV+b9Df4dXgSP1gXMTnPdhfe/2qDH5cg==
  dependencies:
    loose-envify "^1.4.0"
    object-assign "^4.1.1"
    react-is "^16.13.1"

pump@^3.0.0:
  version "3.0.3"
  resolved "https://registry.yarnpkg.com/pump/-/pump-3.0.3.tgz#151d979f1a29668dc0025ec589a455b53282268d"
  integrity sha512-todwxLMY7/heScKmntwQG8CXVkWUOdYxIvY2s0VWAAMh/nd8SoYiRaKjlr7+iCs984f2P8zvrfWcDDYVb73NfA==
  dependencies:
    end-of-stream "^1.1.0"
    once "^1.3.1"

quad-indices@^2.0.1:
  version "2.0.1"
  resolved "https://registry.yarnpkg.com/quad-indices/-/quad-indices-2.0.1.tgz#a6941d89a13d63eed6c1d4a5a621a0463617a814"
  integrity sha512-6jtmCsEbGAh5npThXrBaubbTjPcF0rMbn57XCJVI7LkW8PUT56V+uIrRCCWCn85PSgJC9v8Pm5tnJDwmOBewvA==
  dependencies:
    an-array "^1.0.0"
    dtype "^2.0.0"
    is-buffer "^1.0.2"

react-force-graph-vr@^2.0.2:
  version "2.0.2"
  resolved "https://registry.yarnpkg.com/react-force-graph-vr/-/react-force-graph-vr-2.0.2.tgz#a87afc3646503e0e98eebe63facc8de08c8172f0"
  integrity sha512-75A6WJUpMXXzlsEqbrad5YBgMTV6E3xds2daedVZYepBUSQtkpvkM+UzScxCtiSUGoOA0mpuIxvvHmOEVmbAXg==
  dependencies:
    "3d-force-graph-vr" "^3.0"
    prop-types "15"
    react-kapsule "^2.5"

react-is@^16.13.1:
  version "16.13.1"
  resolved "https://registry.yarnpkg.com/react-is/-/react-is-16.13.1.tgz#789729a4dc36de2999dc156dd6c1d9c18cea56a4"
  integrity sha512-24e6ynE2H+OKt4kqsOvNd8kBpV65zoxbA4BVsEOB3ARVWQki/DHzaUoC5KuON/BiccDaCCTZBuOcfZs70kR8bQ==

react-kapsule@^2.5:
  version "2.5.7"
  resolved "https://registry.yarnpkg.com/react-kapsule/-/react-kapsule-2.5.7.tgz#dcd957ae8e897ff48055fc8ff48ed04ebe3c5bd2"
  integrity sha512-kifAF4ZPD77qZKc4CKLmozq6GY1sBzPEJTIJb0wWFK6HsePJatK3jXplZn2eeAt3x67CDozgi7/rO8fNQ/AL7A==
  dependencies:
    jerrypick "^1.1.1"

responselike@^1.0.2:
  version "1.0.2"
  resolved "https://registry.yarnpkg.com/responselike/-/responselike-1.0.2.tgz#918720ef3b631c5642be068f15ade5a46f4ba1e7"
  integrity sha512-/Fpe5guzJk1gPqdJLJR5u7eG/gNY4nImjbRDaVWVMRhne55TCmj2i9Q+54PBRfatRC8v/rIiv9BN0pMd9OV5EQ==
  dependencies:
    lowercase-keys "^1.0.0"

sax@>=0.6.0:
  version "1.4.1"
  resolved "https://registry.yarnpkg.com/sax/-/sax-1.4.1.tgz#44cc8988377f126304d3b3fc1010c733b929ef0f"
  integrity sha512-+aWOz7yVScEGoKNd4PA10LZ8sk0A/z5+nXQG5giUO5rprX9jgYsTdov9qCchZiPIZezbZH+jRut8nPodFAX4Jg==

super-animejs@^3.1.0:
  version "3.1.0"
  resolved "https://registry.yarnpkg.com/super-animejs/-/super-animejs-3.1.0.tgz#59435946faafe880710e348cf24ad3126e45aed1"
  integrity sha512-6MFAFJDRuvwkovxQZPruuyHinTa4rgj4hNLOndjcYYhZLckoXtVRY9rJPuq8p6c/tgZJrFYEAYAfJ2/hhNtUCA==

"three-bmfont-text@github:dmarcos/three-bmfont-text#eed4878795be9b3e38cf6aec6b903f56acd1f695":
  version "3.0.0"
  resolved "https://codeload.github.com/dmarcos/three-bmfont-text/tar.gz/eed4878795be9b3e38cf6aec6b903f56acd1f695"
  dependencies:
    array-shuffle "^1.0.1"
    layout-bmfont-text "^1.2.0"
    nice-color-palettes "^3.0.0"
    quad-indices "^2.0.1"

three-forcegraph@1:
  version "1.42.13"
  resolved "https://registry.yarnpkg.com/three-forcegraph/-/three-forcegraph-1.42.13.tgz#4827338dece4b027532fe2f006d802b9271cf725"
  integrity sha512-BoG5fB3nlAFeIyiLuFquvWIjt8DA2gdPWlqW/8V8xQcEO7otMmeN2/WWHCP7cWzKEImULxpJ6bNLmmt7TTJaiw==
  dependencies:
    accessor-fn "1"
    d3-array "1 - 3"
    d3-force-3d "2 - 3"
    d3-scale "1 - 4"
    d3-scale-chromatic "1 - 3"
    data-bind-mapper "1"
    kapsule "^1.16"
    ngraph.forcelayout "3"
    ngraph.graph "20"
    tinycolor2 "1"

three-pathfinding@^1.3.0:
  version "1.3.0"
  resolved "https://registry.yarnpkg.com/three-pathfinding/-/three-pathfinding-1.3.0.tgz#70fe3d1f9c7f3f1ced457ef1c45160dd63992c1c"
  integrity sha512-LKxMI3/YqdMYvt6AdE2vB6s5ueDFczt/DWoxhtPNgRsH6E0D8LMYQxz+eIrmKo0MQpDvMVzXYUMBk+b86+k97w==

three@^0.164.0:
  version "0.164.1"
  resolved "https://registry.yarnpkg.com/three/-/three-0.164.1.tgz#b742f76bd8dfd3736ba0d86a12dfddb73c5cdcc0"
  integrity sha512-iC/hUBbl1vzFny7f5GtqzVXYjMJKaTPxiCxXfrvVdBi1Sf+jhd1CAkitiFwC7mIBFCo3MrDLJG97yisoaWig0w==

three@^0.178.0:
  version "0.178.0"
  resolved "https://registry.yarnpkg.com/three/-/three-0.178.0.tgz#470fb4bc35bc0782dfe9a2c9b157fcbc1944bc44"
  integrity sha512-ybFIB0+x8mz0wnZgSGy2MO/WCO6xZhQSZnmfytSPyNpM0sBafGRVhdaj+erYh5U+RhQOAg/eXqw5uVDiM2BjhQ==

"three@npm:super-three@0.173.5":
  version "0.173.5"
  resolved "https://registry.yarnpkg.com/super-three/-/super-three-0.173.5.tgz#0df0c14d5d0e2caceafb952148ed1b335116f837"
  integrity sha512-ecjojbhUg/5QrixwqF4s6gvtJap9XQz7TcnFUX/J8Yosgb2eE2ZUqsyqr/JczFG//6hwIaZPeAa9M5DNaM1dmQ==

tinycolor2@1:
  version "1.6.0"
  resolved "https://registry.yarnpkg.com/tinycolor2/-/tinycolor2-1.6.0.tgz#f98007460169b0263b97072c5ae92484ce02d09e"
  integrity sha512-XPaBkWQJdsf3pLKJV9p4qN/S+fm2Oj8AIPo1BTUhg5oxkvm9+SVEGFdhyOz7tTdUTfvxMiAs4sp6/eZO2Ew+pw==

to-readable-stream@^1.0.0:
  version "1.0.0"
  resolved "https://registry.yarnpkg.com/to-readable-stream/-/to-readable-stream-1.0.0.tgz#ce0aa0c2f3df6adf852efb404a783e77c0475771"
  integrity sha512-Iq25XBt6zD5npPhlLVXGFN3/gyR2/qODcKNNyTMd4vbm39HUaOiAM4PMq0eMVC/Tkxz+Zjdsc55g9yyz+Yq00Q==

url-parse-lax@^3.0.0:
  version "3.0.0"
  resolved "https://registry.yarnpkg.com/url-parse-lax/-/url-parse-lax-3.0.0.tgz#16b5cafc07dbe3676c1b1999177823d6503acb0c"
  integrity sha512-NjFKA0DidqPa5ciFcSrXnAltTtzz84ogy+NebPvfEgAck0+TNg4UJ4IN+fB7zRZfbgUf0syOo9MDxFkDSMuFaQ==
  dependencies:
    prepend-http "^2.0.0"

word-wrapper@^1.0.7:
  version "1.0.7"
  resolved "https://registry.yarnpkg.com/word-wrapper/-/word-wrapper-1.0.7.tgz#1f14afebf66dfdf0fef55efd37184efbd08c28b6"
  integrity sha512-VOPBFCm9b6FyYKQYfn9AVn2dQvdR/YOVFV6IBRA1TBMJWKffvhEX1af6FMGrttILs2Q9ikCRhLqkbY2weW6dOQ==

wrappy@1:
  version "1.0.2"
  resolved "https://registry.yarnpkg.com/wrappy/-/wrappy-1.0.2.tgz#b5243d8f3ec1aa35f1364605bc0d1036e30ab69f"
  integrity sha512-l4Sp/DRseor9wL6EvV2+TuQn63dMkPjZ/sp9XkghTEbV9KlPS1xUsZ3u7/IQO4wxtcFB4bgpQPRcR3QCvezPcQ==

xhr@^2.0.1:
  version "2.6.0"
  resolved "https://registry.yarnpkg.com/xhr/-/xhr-2.6.0.tgz#b69d4395e792b4173d6b7df077f0fc5e4e2b249d"
  integrity sha512-/eCGLb5rxjx5e3mF1A7s+pLlR6CGyqWN91fv1JgER5mVWg1MZmlhBvy9kjcsOdRk8RrIujotWyJamfyrp+WIcA==
  dependencies:
    global "~4.4.0"
    is-function "^1.0.1"
    parse-headers "^2.0.0"
    xtend "^4.0.0"

xml-parse-from-string@^1.0.0:
  version "1.0.1"
  resolved "https://registry.yarnpkg.com/xml-parse-from-string/-/xml-parse-from-string-1.0.1.tgz#a9029e929d3dbcded169f3c6e28238d95a5d5a28"
  integrity sha512-ErcKwJTF54uRzzNMXq2X5sMIy88zJvfN2DmdoQvy7PAFJ+tPRU6ydWuOKNMyfmOjdyBQTFREi60s0Y0SyI0G0g==

xml2js@^0.5.0:
  version "0.5.0"
  resolved "https://registry.yarnpkg.com/xml2js/-/xml2js-0.5.0.tgz#d9440631fbb2ed800203fad106f2724f62c493b7"
  integrity sha512-drPFnkQJik/O+uPKpqSgr22mpuFHqKdbS835iAQrUC73L2F5WkboIRd63ai/2Yg6I1jzifPFKH2NTK+cfglkIA==
  dependencies:
    sax ">=0.6.0"
    xmlbuilder "~11.0.0"

xmlbuilder@~11.0.0:
  version "11.0.1"
  resolved "https://registry.yarnpkg.com/xmlbuilder/-/xmlbuilder-11.0.1.tgz#be9bae1c8a046e76b31127726347d0ad7002beb3"
  integrity sha512-fDlsI/kFEx7gLvbecc0/ohLG50fugQp8ryHzMTuW9vSa1GJ0XYWKnhsUx7oie3G98+r56aTQIUB4kht42R3JvA==

xtend@^4.0.0:
  version "4.0.2"
  resolved "https://registry.yarnpkg.com/xtend/-/xtend-4.0.2.tgz#bb72779f5fa465186b1f438f674fa347fdb5db54"
  integrity sha512-LKYU1iAXJXUgAXn9URjiu+MWhyUXHsvfp7mcuYm9dSUKK0/CjtrUwFAxD82/mCWbtLsGjFIad0wIsod4zrTAEQ==
